
Microsoft Visual Studio Solution File, Format Version 12.00
# Visual Studio 2013
VisualStudioVersion = 12.0.40629.0
MinimumVisualStudioVersion = 10.0.40219.1
Project("{FAE04EC0-301F-11D3-BF4B-00C04F79EFBC}") = "Image", "Image\Image.csproj", "{BB3DF3FC-0C92-4D6E-8700-DC60ECBD44D5}"
EndProject
Project("{FAE04EC0-301F-11D3-BF4B-00C04F79EFBC}") = "UnitTest1", "UnitTest1\UnitTest1.csproj", "{B275B88F-3F02-4473-B9EB-242F910736CE}"
EndProject
Global
	GlobalSection(SolutionConfigurationPlatforms) = preSolution
		Debug|Any CPU = Debug|Any CPU
		Release|Any CPU = Release|Any CPU
	EndGlobalSection
	GlobalSection(ProjectConfigurationPlatforms) = postSolution
		{BB3DF3FC-0C92-4D6E-8700-DC60ECBD44D5}.Debug|Any CPU.ActiveCfg = Debug|Any CPU
		{BB3DF3FC-0C92-4D6E-8700-DC60ECBD44D5}.Debug|Any CPU.Build.0 = Debug|Any CPU
		{BB3DF3FC-0C92-4D6E-8700-DC60ECBD44D5}.Release|Any CPU.ActiveCfg = Release|Any CPU
		{BB3DF3FC-0C92-4D6E-8700-DC60ECBD44D5}.Release|Any CPU.Build.0 = Release|Any CPU
		{B275B88F-3F02-4473-B9EB-242F910736CE}.Debug|Any CPU.ActiveCfg = Debug|Any CPU
		{B275B88F-3F02-4473-B9EB-242F910736CE}.Debug|Any CPU.Build.0 = Debug|Any CPU
		{B275B88F-3F02-4473-B9EB-242F910736CE}.Release|Any CPU.ActiveCfg = Release|Any CPU
		{B275B88F-3F02-4473-B9EB-242F910736CE}.Release|Any CPU.Build.0 = Release|Any CPU
	EndGlobalSection
	GlobalSection(SolutionProperties) = preSolution
		HideSolutionNode = FALSE
	EndGlobalSection
EndGlobal
